
Microsoft Visual Studio Solution File, Format Version 12.00
Project("{2150E333-8FDC-42A3-9474-1A3956D46DE8}") = "src", "src", "{AE8C57B7-C6AC-4567-B1B9-12E3CBBB07F8}"
EndProject
Project("{2150E333-8FDC-42A3-9474-1A3956D46DE8}") = "test", "test", "{32374FE7-628D-43F2-B36F-BE56725CFEFF}"
EndProject
Project("{FAE04EC0-301F-11D3-BF4B-00C04F79EFBC}") = "DietPenguin.Core", "src\DietPenguin.Core\DietPenguin.Core.csproj", "{20C408CA-B092-420B-80F1-BD766AF09D9C}"
EndProject
Project("{FAE04EC0-301F-11D3-BF4B-00C04F79EFBC}") = "DietPenguin.Domain", "src\DietPenguin.Domain\DietPenguin.Domain.csproj", "{691E2B48-777A-42A3-8BE6-6413CDCDF646}"
EndProject
Project("{FAE04EC0-301F-11D3-BF4B-00C04F79EFBC}") = "DietPenguin.WebApi", "src\DietPenguin.WebApi\DietPenguin.WebApi.csproj", "{4B74F3F9-6B49-4D9E-B556-E85BED3ADD97}"
EndProject
Project("{FAE04EC0-301F-11D3-BF4B-00C04F79EFBC}") = "DietPenguin.WebApi.Contracts", "src\DietPenguin.WebApi.Contracts\DietPenguin.WebApi.Contracts.csproj", "{D52173E4-5783-4D17-9D45-1089F6004F86}"
EndProject
Project("{FAE04EC0-301F-11D3-BF4B-00C04F79EFBC}") = "DietPenguin.Gui", "src\DietPenguin.Gui\DietPenguin.Gui.csproj", "{4587A24A-52C2-4E57-BE82-542A73938AB9}"
EndProject
Project("{FAE04EC0-301F-11D3-BF4B-00C04F79EFBC}") = "DietPenguin.Infrastructure", "src\DietPenguin.Infrastructure\DietPenguin.Infrastructure.csproj", "{90C20D44-AC23-4D72-83C9-2C1FF253984D}"
EndProject
Project("{FAE04EC0-301F-11D3-BF4B-00C04F79EFBC}") = "DietPenguin.Application", "src\DietPenguin.Application\DietPenguin.Application.csproj", "{F306CCC5-0EA1-442F-A69C-3FD9E5F903E9}"
EndProject
Project("{FAE04EC0-301F-11D3-BF4B-00C04F79EFBC}") = "DietPenguin.Core.Tests", "test\DietPenguin.Core.Tests\DietPenguin.Core.Tests.csproj", "{A64ABB84-7A75-49D5-932E-A8732443DE35}"
EndProject
Project("{FAE04EC0-301F-11D3-BF4B-00C04F79EFBC}") = "DietPenguin.Application.Tests", "test\DietPenguin.Application.Tests\DietPenguin.Application.Tests.csproj", "{FFBB72B2-1B4A-48E3-B270-4A790F8235E6}"
EndProject
Project("{FAE04EC0-301F-11D3-BF4B-00C04F79EFBC}") = "DietPenguin.Domain.Tests", "test\DietPenguin.Domain.Tests\DietPenguin.Domain.Tests.csproj", "{9AD06591-7C19-477F-BB63-665D36AE83E6}"
EndProject
Project("{FAE04EC0-301F-11D3-BF4B-00C04F79EFBC}") = "DietPenguin.Gui.Tests", "test\DietPenguin.Gui.Tests\DietPenguin.Gui.Tests.csproj", "{47276999-F4BB-4F7F-80A3-5B7132A660AE}"
EndProject
Project("{FAE04EC0-301F-11D3-BF4B-00C04F79EFBC}") = "DietPenguin.Infrastructure.Tests", "test\DietPenguin.Infrastructure.Tests\DietPenguin.Infrastructure.Tests.csproj", "{D6081ED2-FEBE-45E8-BE32-34E14526F804}"
EndProject
Global
	GlobalSection(SolutionConfigurationPlatforms) = preSolution
		Debug|Any CPU = Debug|Any CPU
		Release|Any CPU = Release|Any CPU
	EndGlobalSection
	GlobalSection(NestedProjects) = preSolution
		{20C408CA-B092-420B-80F1-BD766AF09D9C} = {AE8C57B7-C6AC-4567-B1B9-12E3CBBB07F8}
		{691E2B48-777A-42A3-8BE6-6413CDCDF646} = {AE8C57B7-C6AC-4567-B1B9-12E3CBBB07F8}
		{4B74F3F9-6B49-4D9E-B556-E85BED3ADD97} = {AE8C57B7-C6AC-4567-B1B9-12E3CBBB07F8}
		{D52173E4-5783-4D17-9D45-1089F6004F86} = {AE8C57B7-C6AC-4567-B1B9-12E3CBBB07F8}
		{4587A24A-52C2-4E57-BE82-542A73938AB9} = {AE8C57B7-C6AC-4567-B1B9-12E3CBBB07F8}
		{90C20D44-AC23-4D72-83C9-2C1FF253984D} = {AE8C57B7-C6AC-4567-B1B9-12E3CBBB07F8}
		{F306CCC5-0EA1-442F-A69C-3FD9E5F903E9} = {AE8C57B7-C6AC-4567-B1B9-12E3CBBB07F8}
		{A64ABB84-7A75-49D5-932E-A8732443DE35} = {32374FE7-628D-43F2-B36F-BE56725CFEFF}
		{FFBB72B2-1B4A-48E3-B270-4A790F8235E6} = {32374FE7-628D-43F2-B36F-BE56725CFEFF}
		{9AD06591-7C19-477F-BB63-665D36AE83E6} = {32374FE7-628D-43F2-B36F-BE56725CFEFF}
		{47276999-F4BB-4F7F-80A3-5B7132A660AE} = {32374FE7-628D-43F2-B36F-BE56725CFEFF}
		{D6081ED2-FEBE-45E8-BE32-34E14526F804} = {32374FE7-628D-43F2-B36F-BE56725CFEFF}
	EndGlobalSection
	GlobalSection(ProjectConfigurationPlatforms) = postSolution
		{20C408CA-B092-420B-80F1-BD766AF09D9C}.Debug|Any CPU.ActiveCfg = Debug|Any CPU
		{20C408CA-B092-420B-80F1-BD766AF09D9C}.Debug|Any CPU.Build.0 = Debug|Any CPU
		{20C408CA-B092-420B-80F1-BD766AF09D9C}.Release|Any CPU.ActiveCfg = Release|Any CPU
		{20C408CA-B092-420B-80F1-BD766AF09D9C}.Release|Any CPU.Build.0 = Release|Any CPU
		{691E2B48-777A-42A3-8BE6-6413CDCDF646}.Debug|Any CPU.ActiveCfg = Debug|Any CPU
		{691E2B48-777A-42A3-8BE6-6413CDCDF646}.Debug|Any CPU.Build.0 = Debug|Any CPU
		{691E2B48-777A-42A3-8BE6-6413CDCDF646}.Release|Any CPU.ActiveCfg = Release|Any CPU
		{691E2B48-777A-42A3-8BE6-6413CDCDF646}.Release|Any CPU.Build.0 = Release|Any CPU
		{4B74F3F9-6B49-4D9E-B556-E85BED3ADD97}.Debug|Any CPU.ActiveCfg = Debug|Any CPU
		{4B74F3F9-6B49-4D9E-B556-E85BED3ADD97}.Debug|Any CPU.Build.0 = Debug|Any CPU
		{4B74F3F9-6B49-4D9E-B556-E85BED3ADD97}.Release|Any CPU.ActiveCfg = Release|Any CPU
		{4B74F3F9-6B49-4D9E-B556-E85BED3ADD97}.Release|Any CPU.Build.0 = Release|Any CPU
		{D52173E4-5783-4D17-9D45-1089F6004F86}.Debug|Any CPU.ActiveCfg = Debug|Any CPU
		{D52173E4-5783-4D17-9D45-1089F6004F86}.Debug|Any CPU.Build.0 = Debug|Any CPU
		{D52173E4-5783-4D17-9D45-1089F6004F86}.Release|Any CPU.ActiveCfg = Release|Any CPU
		{D52173E4-5783-4D17-9D45-1089F6004F86}.Release|Any CPU.Build.0 = Release|Any CPU
		{4587A24A-52C2-4E57-BE82-542A73938AB9}.Debug|Any CPU.ActiveCfg = Debug|Any CPU
		{4587A24A-52C2-4E57-BE82-542A73938AB9}.Debug|Any CPU.Build.0 = Debug|Any CPU
		{4587A24A-52C2-4E57-BE82-542A73938AB9}.Release|Any CPU.ActiveCfg = Release|Any CPU
		{4587A24A-52C2-4E57-BE82-542A73938AB9}.Release|Any CPU.Build.0 = Release|Any CPU
		{90C20D44-AC23-4D72-83C9-2C1FF253984D}.Debug|Any CPU.ActiveCfg = Debug|Any CPU
		{90C20D44-AC23-4D72-83C9-2C1FF253984D}.Debug|Any CPU.Build.0 = Debug|Any CPU
		{90C20D44-AC23-4D72-83C9-2C1FF253984D}.Release|Any CPU.ActiveCfg = Release|Any CPU
		{90C20D44-AC23-4D72-83C9-2C1FF253984D}.Release|Any CPU.Build.0 = Release|Any CPU
		{F306CCC5-0EA1-442F-A69C-3FD9E5F903E9}.Debug|Any CPU.ActiveCfg = Debug|Any CPU
		{F306CCC5-0EA1-442F-A69C-3FD9E5F903E9}.Debug|Any CPU.Build.0 = Debug|Any CPU
		{F306CCC5-0EA1-442F-A69C-3FD9E5F903E9}.Release|Any CPU.ActiveCfg = Release|Any CPU
		{F306CCC5-0EA1-442F-A69C-3FD9E5F903E9}.Release|Any CPU.Build.0 = Release|Any CPU
		{A64ABB84-7A75-49D5-932E-A8732443DE35}.Debug|Any CPU.ActiveCfg = Debug|Any CPU
		{A64ABB84-7A75-49D5-932E-A8732443DE35}.Debug|Any CPU.Build.0 = Debug|Any CPU
		{A64ABB84-7A75-49D5-932E-A8732443DE35}.Release|Any CPU.ActiveCfg = Release|Any CPU
		{A64ABB84-7A75-49D5-932E-A8732443DE35}.Release|Any CPU.Build.0 = Release|Any CPU
		{FFBB72B2-1B4A-48E3-B270-4A790F8235E6}.Debug|Any CPU.ActiveCfg = Debug|Any CPU
		{FFBB72B2-1B4A-48E3-B270-4A790F8235E6}.Debug|Any CPU.Build.0 = Debug|Any CPU
		{FFBB72B2-1B4A-48E3-B270-4A790F8235E6}.Release|Any CPU.ActiveCfg = Release|Any CPU
		{FFBB72B2-1B4A-48E3-B270-4A790F8235E6}.Release|Any CPU.Build.0 = Release|Any CPU
		{9AD06591-7C19-477F-BB63-665D36AE83E6}.Debug|Any CPU.ActiveCfg = Debug|Any CPU
		{9AD06591-7C19-477F-BB63-665D36AE83E6}.Debug|Any CPU.Build.0 = Debug|Any CPU
		{9AD06591-7C19-477F-BB63-665D36AE83E6}.Release|Any CPU.ActiveCfg = Release|Any CPU
		{9AD06591-7C19-477F-BB63-665D36AE83E6}.Release|Any CPU.Build.0 = Release|Any CPU
		{47276999-F4BB-4F7F-80A3-5B7132A660AE}.Debug|Any CPU.ActiveCfg = Debug|Any CPU
		{47276999-F4BB-4F7F-80A3-5B7132A660AE}.Debug|Any CPU.Build.0 = Debug|Any CPU
		{47276999-F4BB-4F7F-80A3-5B7132A660AE}.Release|Any CPU.ActiveCfg = Release|Any CPU
		{47276999-F4BB-4F7F-80A3-5B7132A660AE}.Release|Any CPU.Build.0 = Release|Any CPU
		{D6081ED2-FEBE-45E8-BE32-34E14526F804}.Debug|Any CPU.ActiveCfg = Debug|Any CPU
		{D6081ED2-FEBE-45E8-BE32-34E14526F804}.Debug|Any CPU.Build.0 = Debug|Any CPU
		{D6081ED2-FEBE-45E8-BE32-34E14526F804}.Release|Any CPU.ActiveCfg = Release|Any CPU
		{D6081ED2-FEBE-45E8-BE32-34E14526F804}.Release|Any CPU.Build.0 = Release|Any CPU
	EndGlobalSection
EndGlobal
